// !$*UTF8*$!
{
	archiveVersion = 1;
	classes = {
	};
	objectVersion = 56;
	objects = {

/* Begin PBXBuildFile section */
		2624B6DB2BF5861300AD08AD /* AppDelegate.m in Sources */ = {isa = PBXBuildFile; fileRef = 2624B6DA2BF5861300AD08AD /* AppDelegate.m */; };
		2624B6DE2BF5861300AD08AD /* SceneDelegate.m in Sources */ = {isa = PBXBuildFile; fileRef = 2624B6DD2BF5861300AD08AD /* SceneDelegate.m */; };
		2624B6E12BF5861300AD08AD /* ViewController.m in Sources */ = {isa = PBXBuildFile; fileRef = 2624B6E02BF5861300AD08AD /* ViewController.m */; };
		2624B6E42BF5861300AD08AD /* Base in Resources */ = {isa = PBXBuildFile; fileRef = 2624B6E32BF5861300AD08AD /* Base */; };
		2624B6E72BF5861300AD08AD /* AdvancedWebView.xcdatamodeld in Sources */ = {isa = PBXBuildFile; fileRef = 2624B6E52BF5861300AD08AD /* AdvancedWebView.xcdatamodeld */; };
		2624B6E92BF5861400AD08AD /* Assets.xcassets in Resources */ = {isa = PBXBuildFile; fileRef = 2624B6E82BF5861400AD08AD /* Assets.xcassets */; };
		2624B6EC2BF5861400AD08AD /* Base in Resources */ = {isa = PBXBuildFile; fileRef = 2624B6EB2BF5861400AD08AD /* Base */; };
		2624B6EF2BF5861400AD08AD /* main.m in Sources */ = {isa = PBXBuildFile; fileRef = 2624B6EE2BF5861400AD08AD /* main.m */; };
		2624B6F72BF5866300AD08AD /* WebView.m in Sources */ = {isa = PBXBuildFile; fileRef = 2624B6F62BF5866300AD08AD /* WebView.m */; };
		264A412C2BF73F4900DC3FF1 /* come_around.mp4 in Resources */ = {isa = PBXBuildFile; fileRef = 264A412B2BF73F4900DC3FF1 /* come_around.mp4 */; };
		264A412E2BF73F5C00DC3FF1 /* mp3-player.html in Resources */ = {isa = PBXBuildFile; fileRef = 264A412D2BF73F5C00DC3FF1 /* mp3-player.html */; };
		264A41302BF73F6500DC3FF1 /* background-audio.js in Resources */ = {isa = PBXBuildFile; fileRef = 264A412F2BF73F6500DC3FF1 /* background-audio.js */; };
		264A41332BF8012200DC3FF1 /* Inspector.m in Sources */ = {isa = PBXBuildFile; fileRef = 264A41322BF8012200DC3FF1 /* Inspector.m */; };
/* End PBXBuildFile section */

/* Begin PBXFileReference section */
		2624B6D62BF5861300AD08AD /* AdvancedWebView.app */ = {isa = PBXFileReference; explicitFileType = wrapper.application; includeInIndex = 0; path = AdvancedWebView.app; sourceTree = BUILT_PRODUCTS_DIR; };
		2624B6D92BF5861300AD08AD /* AppDelegate.h */ = {isa = PBXFileReference; lastKnownFileType = sourcecode.c.h; path = AppDelegate.h; sourceTree = "<group>"; };
		2624B6DA2BF5861300AD08AD /* AppDelegate.m */ = {isa = PBXFileReference; lastKnownFileType = sourcecode.c.objc; path = AppDelegate.m; sourceTree = "<group>"; };
		2624B6DC2BF5861300AD08AD /* SceneDelegate.h */ = {isa = PBXFileReference; lastKnownFileType = sourcecode.c.h; path = SceneDelegate.h; sourceTree = "<group>"; };
		2624B6DD2BF5861300AD08AD /* SceneDelegate.m */ = {isa = PBXFileReference; lastKnownFileType = sourcecode.c.objc; path = SceneDelegate.m; sourceTree = "<group>"; };
		2624B6DF2BF5861300AD08AD /* ViewController.h */ = {isa = PBXFileReference; lastKnownFileType = sourcecode.c.h; path = ViewController.h; sourceTree = "<group>"; };
		2624B6E02BF5861300AD08AD /* ViewController.m */ = {isa = PBXFileReference; lastKnownFileType = sourcecode.c.objc; path = ViewController.m; sourceTree = "<group>"; };
		2624B6E32BF5861300AD08AD /* Base */ = {isa = PBXFileReference; lastKnownFileType = file.storyboard; name = Base; path = Base.lproj/Main.storyboard; sourceTree = "<group>"; };
		2624B6E62BF5861300AD08AD /* AdvancedWebView.xcdatamodel */ = {isa = PBXFileReference; lastKnownFileType = wrapper.xcdatamodel; path = AdvancedWebView.xcdatamodel; sourceTree = "<group>"; };
		2624B6E82BF5861400AD08AD /* Assets.xcassets */ = {isa = PBXFileReference; lastKnownFileType = folder.assetcatalog; path = Assets.xcassets; sourceTree = "<group>"; };
		2624B6EB2BF5861400AD08AD /* Base */ = {isa = PBXFileReference; lastKnownFileType = file.storyboard; name = Base; path = Base.lproj/LaunchScreen.storyboard; sourceTree = "<group>"; };
		2624B6ED2BF5861400AD08AD /* Info.plist */ = {isa = PBXFileReference; lastKnownFileType = text.plist.xml; path = Info.plist; sourceTree = "<group>"; };
		2624B6EE2BF5861400AD08AD /* main.m */ = {isa = PBXFileReference; lastKnownFileType = sourcecode.c.objc; path = main.m; sourceTree = "<group>"; };
		2624B6F52BF5866300AD08AD /* WebView.h */ = {isa = PBXFileReference; lastKnownFileType = sourcecode.c.h; path = WebView.h; sourceTree = "<group>"; };
		2624B6F62BF5866300AD08AD /* WebView.m */ = {isa = PBXFileReference; lastKnownFileType = sourcecode.c.objc; path = WebView.m; sourceTree = "<group>"; };
		264A412B2BF73F4900DC3FF1 /* come_around.mp4 */ = {isa = PBXFileReference; lastKnownFileType = file; path = come_around.mp4; sourceTree = "<group>"; };
		264A412D2BF73F5C00DC3FF1 /* mp3-player.html */ = {isa = PBXFileReference; fileEncoding = 4; lastKnownFileType = text.html; path = "mp3-player.html"; sourceTree = "<group>"; };
		264A412F2BF73F6500DC3FF1 /* background-audio.js */ = {isa = PBXFileReference; fileEncoding = 4; lastKnownFileType = sourcecode.javascript; path = "background-audio.js"; sourceTree = "<group>"; };
		264A41312BF8012200DC3FF1 /* Inspector.h */ = {isa = PBXFileReference; lastKnownFileType = sourcecode.c.h; path = Inspector.h; sourceTree = "<group>"; };
		264A41322BF8012200DC3FF1 /* Inspector.m */ = {isa = PBXFileReference; lastKnownFileType = sourcecode.c.objc; path = Inspector.m; sourceTree = "<group>"; };
/* End PBXFileReference section */

/* Begin PBXFrameworksBuildPhase section */
		2624B6D32BF5861300AD08AD /* Frameworks */ = {
			isa = PBXFrameworksBuildPhase;
			buildActionMask = 2147483647;
			files = (
			);
			runOnlyForDeploymentPostprocessing = 0;
		};
/* End PBXFrameworksBuildPhase section */

/* Begin PBXGroup section */
		2624B6CD2BF5861300AD08AD = {
			isa = PBXGroup;
			children = (
				2624B6D82BF5861300AD08AD /* AdvancedWebView */,
				2624B6D72BF5861300AD08AD /* Products */,
			);
			sourceTree = "<group>";
		};
		2624B6D72BF5861300AD08AD /* Products */ = {
			isa = PBXGroup;
			children = (
				2624B6D62BF5861300AD08AD /* AdvancedWebView.app */,
			);
			name = Products;
			sourceTree = "<group>";
		};
		2624B6D82BF5861300AD08AD /* AdvancedWebView */ = {
			isa = PBXGroup;
			children = (
				264A412A2BF73F3300DC3FF1 /* HTML */,
				2624B6D92BF5861300AD08AD /* AppDelegate.h */,
				2624B6DA2BF5861300AD08AD /* AppDelegate.m */,
				2624B6DF2BF5861300AD08AD /* ViewController.h */,
				2624B6E02BF5861300AD08AD /* ViewController.m */,
				264A41242BF71E7600DC3FF1 /* Scene */,
				264A41252BF71E9500DC3FF1 /* WebView */,
				2624B6E22BF5861300AD08AD /* Main.storyboard */,
				2624B6E82BF5861400AD08AD /* Assets.xcassets */,
				2624B6EA2BF5861400AD08AD /* LaunchScreen.storyboard */,
				2624B6ED2BF5861400AD08AD /* Info.plist */,
				2624B6EE2BF5861400AD08AD /* main.m */,
				2624B6E52BF5861300AD08AD /* AdvancedWebView.xcdatamodeld */,
				264A41312BF8012200DC3FF1 /* Inspector.h */,
				264A41322BF8012200DC3FF1 /* Inspector.m */,
			);
			path = AdvancedWebView;
			sourceTree = "<group>";
		};
		264A41242BF71E7600DC3FF1 /* Scene */ = {
			isa = PBXGroup;
			children = (
				2624B6DC2BF5861300AD08AD /* SceneDelegate.h */,
				2624B6DD2BF5861300AD08AD /* SceneDelegate.m */,
			);
			path = Scene;
			sourceTree = "<group>";
		};
		264A41252BF71E9500DC3FF1 /* WebView */ = {
			isa = PBXGroup;
			children = (
				2624B6F52BF5866300AD08AD /* WebView.h */,
				2624B6F62BF5866300AD08AD /* WebView.m */,
			);
			path = WebView;
			sourceTree = "<group>";
		};
		264A412A2BF73F3300DC3FF1 /* HTML */ = {
			isa = PBXGroup;
			children = (
				264A412F2BF73F6500DC3FF1 /* background-audio.js */,
				264A412D2BF73F5C00DC3FF1 /* mp3-player.html */,
				264A412B2BF73F4900DC3FF1 /* come_around.mp4 */,
			);
			path = HTML;
			sourceTree = "<group>";
		};
/* End PBXGroup section */

/* Begin PBXNativeTarget section */
		2624B6D52BF5861300AD08AD /* AdvancedWebView */ = {
			isa = PBXNativeTarget;
			buildConfigurationList = 2624B6F22BF5861400AD08AD /* Build configuration list for PBXNativeTarget "AdvancedWebView" */;
			buildPhases = (
				2624B6D22BF5861300AD08AD /* Sources */,
				2624B6D32BF5861300AD08AD /* Frameworks */,
				2624B6D42BF5861300AD08AD /* Resources */,
			);
			buildRules = (
			);
			dependencies = (
			);
			name = AdvancedWebView;
			productName = AdvancedWebView;
			productReference = 2624B6D62BF5861300AD08AD /* AdvancedWebView.app */;
			productType = "com.apple.product-type.application";
		};
/* End PBXNativeTarget section */

/* Begin PBXProject section */
		2624B6CE2BF5861300AD08AD /* Project object */ = {
			isa = PBXProject;
			attributes = {
				BuildIndependentTargetsInParallel = 1;
				LastUpgradeCheck = 1540;
				TargetAttributes = {
					2624B6D52BF5861300AD08AD = {
						CreatedOnToolsVersion = 15.4;
					};
				};
			};
			buildConfigurationList = 2624B6D12BF5861300AD08AD /* Build configuration list for PBXProject "AdvancedWebView" */;
			compatibilityVersion = "Xcode 14.0";
			developmentRegion = en;
			hasScannedForEncodings = 0;
			knownRegions = (
				en,
				Base,
			);
			mainGroup = 2624B6CD2BF5861300AD08AD;
			productRefGroup = 2624B6D72BF5861300AD08AD /* Products */;
			projectDirPath = "";
			projectRoot = "";
			targets = (
				2624B6D52BF5861300AD08AD /* AdvancedWebView */,
			);
		};
/* End PBXProject section */

/* Begin PBXResourcesBuildPhase section */
		2624B6D42BF5861300AD08AD /* Resources */ = {
			isa = PBXResourcesBuildPhase;
			buildActionMask = 2147483647;
			files = (
				2624B6E92BF5861400AD08AD /* Assets.xcassets in Resources */,
				2624B6EC2BF5861400AD08AD /* Base in Resources */,
				264A412E2BF73F5C00DC3FF1 /* mp3-player.html in Resources */,
				264A412C2BF73F4900DC3FF1 /* come_around.mp4 in Resources */,
				2624B6E42BF5861300AD08AD /* Base in Resources */,
				264A41302BF73F6500DC3FF1 /* background-audio.js in Resources */,
			);
			runOnlyForDeploymentPostprocessing = 0;
		};
/* End PBXResourcesBuildPhase section */

/* Begin PBXSourcesBuildPhase section */
		2624B6D22BF5861300AD08AD /* Sources */ = {
			isa = PBXSourcesBuildPhase;
			buildActionMask = 2147483647;
			files = (
				2624B6EF2BF5861400AD08AD /* main.m in Sources */,
				2624B6E12BF5861300AD08AD /* ViewController.m in Sources */,
				264A41332BF8012200DC3FF1 /* Inspector.m in Sources */,
				2624B6DB2BF5861300AD08AD /* AppDelegate.m in Sources */,
				2624B6F72BF5866300AD08AD /* WebView.m in Sources */,
				2624B6DE2BF5861300AD08AD /* SceneDelegate.m in Sources */,
				2624B6E72BF5861300AD08AD /* AdvancedWebView.xcdatamodeld in Sources */,
			);
			runOnlyForDeploymentPostprocessing = 0;
		};
/* End PBXSourcesBuildPhase section */

/* Begin PBXVariantGroup section */
		2624B6E22BF5861300AD08AD /* Main.storyboard */ = {
			isa = PBXVariantGroup;
			children = (
				2624B6E32BF5861300AD08AD /* Base */,
			);
			name = Main.storyboard;
			sourceTree = "<group>";
		};
		2624B6EA2BF5861400AD08AD /* LaunchScreen.storyboard */ = {
			isa = PBXVariantGroup;
			children = (
				2624B6EB2BF5861400AD08AD /* Base */,
			);
			name = LaunchScreen.storyboard;
			sourceTree = "<group>";
		};
/* End PBXVariantGroup section */

/* Begin XCBuildConfiguration section */
		2624B6F02BF5861400AD08AD /* Debug */ = {
			isa = XCBuildConfiguration;
			buildSettings = {
				ALWAYS_SEARCH_USER_PATHS = NO;
				ASSETCATALOG_COMPILER_GENERATE_SWIFT_ASSET_SYMBOL_EXTENSIONS = YES;
				CLANG_ANALYZER_NONNULL = YES;
				CLANG_ANALYZER_NUMBER_OBJECT_CONVERSION = YES_AGGRESSIVE;
				CLANG_CXX_LANGUAGE_STANDARD = "gnu++20";
				CLANG_ENABLE_MODULES = YES;
				CLANG_ENABLE_OBJC_ARC = YES;
				CLANG_ENABLE_OBJC_WEAK = YES;
				CLANG_WARN_BLOCK_CAPTURE_AUTORELEASING = YES;
				CLANG_WARN_BOOL_CONVERSION = YES;
				CLANG_WARN_COMMA = YES;
				CLANG_WARN_CONSTANT_CONVERSION = YES;
				CLANG_WARN_DEPRECATED_OBJC_IMPLEMENTATIONS = YES;
				CLANG_WARN_DIRECT_OBJC_ISA_USAGE = YES_ERROR;
				CLANG_WARN_DOCUMENTATION_COMMENTS = YES;
				CLANG_WARN_EMPTY_BODY = YES;
				CLANG_WARN_ENUM_CONVERSION = YES;
				CLANG_WARN_INFINITE_RECURSION = YES;
				CLANG_WARN_INT_CONVERSION = YES;
				CLANG_WARN_NON_LITERAL_NULL_CONVERSION = YES;
				CLANG_WARN_OBJC_IMPLICIT_RETAIN_SELF = YES;
				CLANG_WARN_OBJC_LITERAL_CONVERSION = YES;
				CLANG_WARN_OBJC_ROOT_CLASS = YES_ERROR;
				CLANG_WARN_QUOTED_INCLUDE_IN_FRAMEWORK_HEADER = YES;
				CLANG_WARN_RANGE_LOOP_ANALYSIS = YES;
				CLANG_WARN_STRICT_PROTOTYPES = YES;
				CLANG_WARN_SUSPICIOUS_MOVE = YES;
				CLANG_WARN_UNGUARDED_AVAILABILITY = YES_AGGRESSIVE;
				CLANG_WARN_UNREACHABLE_CODE = YES;
				CLANG_WARN__DUPLICATE_METHOD_MATCH = YES;
				COPY_PHASE_STRIP = NO;
				DEBUG_INFORMATION_FORMAT = dwarf;
				ENABLE_STRICT_OBJC_MSGSEND = YES;
				ENABLE_TESTABILITY = YES;
				ENABLE_USER_SCRIPT_SANDBOXING = YES;
				GCC_C_LANGUAGE_STANDARD = gnu17;
				GCC_DYNAMIC_NO_PIC = NO;
				GCC_NO_COMMON_BLOCKS = YES;
				GCC_OPTIMIZATION_LEVEL = 0;
				GCC_PREPROCESSOR_DEFINITIONS = (
					"DEBUG=1",
					"$(inherited)",
				);
				GCC_WARN_64_TO_32_BIT_CONVERSION = YES;
				GCC_WARN_ABOUT_RETURN_TYPE = YES_ERROR;
				GCC_WARN_UNDECLARED_SELECTOR = YES;
				GCC_WARN_UNINITIALIZED_AUTOS = YES_AGGRESSIVE;
				GCC_WARN_UNUSED_FUNCTION = YES;
				GCC_WARN_UNUSED_VARIABLE = YES;
				IPHONEOS_DEPLOYMENT_TARGET = 17.5;
				LOCALIZATION_PREFERS_STRING_CATALOGS = YES;
				MTL_ENABLE_DEBUG_INFO = INCLUDE_SOURCE;
				MTL_FAST_MATH = YES;
				ONLY_ACTIVE_ARCH = YES;
				SDKROOT = iphoneos;
			};
			name = Debug;
		};
		2624B6F12BF5861400AD08AD /* Release */ = {
			isa = XCBuildConfiguration;
			buildSettings = {
				ALWAYS_SEARCH_USER_PATHS = NO;
				ASSETCATALOG_COMPILER_GENERATE_SWIFT_ASSET_SYMBOL_EXTENSIONS = YES;
				CLANG_ANALYZER_NONNULL = YES;
				CLANG_ANALYZER_NUMBER_OBJECT_CONVERSION = YES_AGGRESSIVE;
				CLANG_CXX_LANGUAGE_STANDARD = "gnu++20";
				CLANG_ENABLE_MODULES = YES;
				CLANG_ENABLE_OBJC_ARC = YES;
				CLANG_ENABLE_OBJC_WEAK = YES;
				CLANG_WARN_BLOCK_CAPTURE_AUTORELEASING = YES;
				CLANG_WARN_BOOL_CONVERSION = YES;
				CLANG_WARN_COMMA = YES;
				CLANG_WARN_CONSTANT_CONVERSION = YES;
				CLANG_WARN_DEPRECATED_OBJC_IMPLEMENTATIONS = YES;
				CLANG_WARN_DIRECT_OBJC_ISA_USAGE = YES_ERROR;
				CLANG_WARN_DOCUMENTATION_COMMENTS = YES;
				CLANG_WARN_EMPTY_BODY = YES;
				CLANG_WARN_ENUM_CONVERSION = YES;
				CLANG_WARN_INFINITE_RECURSION = YES;
				CLANG_WARN_INT_CONVERSION = YES;
				CLANG_WARN_NON_LITERAL_NULL_CONVERSION = YES;
				CLANG_WARN_OBJC_IMPLICIT_RETAIN_SELF = YES;
				CLANG_WARN_OBJC_LITERAL_CONVERSION = YES;
				CLANG_WARN_OBJC_ROOT_CLASS = YES_ERROR;
				CLANG_WARN_QUOTED_INCLUDE_IN_FRAMEWORK_HEADER = YES;
				CLANG_WARN_RANGE_LOOP_ANALYSIS = YES;
				CLANG_WARN_STRICT_PROTOTYPES = YES;
				CLANG_WARN_SUSPICIOUS_MOVE = YES;
				CLANG_WARN_UNGUARDED_AVAILABILITY = YES_AGGRESSIVE;
				CLANG_WARN_UNREACHABLE_CODE = YES;
				CLANG_WARN__DUPLICATE_METHOD_MATCH = YES;
				COPY_PHASE_STRIP = NO;
				DEBUG_INFORMATION_FORMAT = "dwarf-with-dsym";
				ENABLE_NS_ASSERTIONS = NO;
				ENABLE_STRICT_OBJC_MSGSEND = YES;
				ENABLE_USER_SCRIPT_SANDBOXING = YES;
				GCC_C_LANGUAGE_STANDARD = gnu17;
				GCC_NO_COMMON_BLOCKS = YES;
				GCC_WARN_64_TO_32_BIT_CONVERSION = YES;
				GCC_WARN_ABOUT_RETURN_TYPE = YES_ERROR;
				GCC_WARN_UNDECLARED_SELECTOR = YES;
				GCC_WARN_UNINITIALIZED_AUTOS = YES_AGGRESSIVE;
				GCC_WARN_UNUSED_FUNCTION = YES;
				GCC_WARN_UNUSED_VARIABLE = YES;
				IPHONEOS_DEPLOYMENT_TARGET = 17.5;
				LOCALIZATION_PREFERS_STRING_CATALOGS = YES;
				MTL_ENABLE_DEBUG_INFO = NO;
				MTL_FAST_MATH = YES;
				SDKROOT = iphoneos;
				VALIDATE_PRODUCT = YES;
			};
			name = Release;
		};
		2624B6F32BF5861400AD08AD /* Debug */ = {
			isa = XCBuildConfiguration;
			buildSettings = {
				ASSETCATALOG_COMPILER_APPICON_NAME = AppIcon;
				ASSETCATALOG_COMPILER_GLOBAL_ACCENT_COLOR_NAME = AccentColor;
				CODE_SIGN_STYLE = Automatic;
				CURRENT_PROJECT_VERSION = 1;
				DEVELOPMENT_TEAM = EDRWBR8M76;
				GENERATE_INFOPLIST_FILE = YES;
				INFOPLIST_FILE = AdvancedWebView/Info.plist;
				INFOPLIST_KEY_UIApplicationSupportsIndirectInputEvents = YES;
				INFOPLIST_KEY_UILaunchStoryboardName = LaunchScreen;
				INFOPLIST_KEY_UIMainStoryboardFile = Main;
				INFOPLIST_KEY_UISupportedInterfaceOrientations_iPad = "UIInterfaceOrientationPortrait UIInterfaceOrientationPortraitUpsideDown UIInterfaceOrientationLandscapeLeft UIInterfaceOrientationLandscapeRight";
				INFOPLIST_KEY_UISupportedInterfaceOrientations_iPhone = "UIInterfaceOrientationPortrait UIInterfaceOrientationLandscapeLeft UIInterfaceOrientationLandscapeRight";
				LD_RUNPATH_SEARCH_PATHS = (
					"$(inherited)",
					"@executable_path/Frameworks",
				);
				MARKETING_VERSION = 1.0;
				PRODUCT_BUNDLE_IDENTIFIER = com.asleepace.AdvancedWebView;
				PRODUCT_NAME = "$(TARGET_NAME)";
				SWIFT_EMIT_LOC_STRINGS = YES;
				TARGETED_DEVICE_FAMILY = "1,2";
			};
			name = Debug;
		};
		2624B6F42BF5861400AD08AD /* Release */ = {
			isa = XCBuildConfiguration;
			buildSettings = {
				ASSETCATALOG_COMPILER_APPICON_NAME = AppIcon;
				ASSETCATALOG_COMPILER_GLOBAL_ACCENT_COLOR_NAME = AccentColor;
				CODE_SIGN_STYLE = Automatic;
				CURRENT_PROJECT_VERSION = 1;
				DEVELOPMENT_TEAM = EDRWBR8M76;
				GENERATE_INFOPLIST_FILE = YES;
				INFOPLIST_FILE = AdvancedWebView/Info.plist;
				INFOPLIST_KEY_UIApplicationSupportsIndirectInputEvents = YES;
				INFOPLIST_KEY_UILaunchStoryboardName = LaunchScreen;
				INFOPLIST_KEY_UIMainStoryboardFile = Main;
				INFOPLIST_KEY_UISupportedInterfaceOrientations_iPad = "UIInterfaceOrientationPortrait UIInterfaceOrientationPortraitUpsideDown UIInterfaceOrientationLandscapeLeft UIInterfaceOrientationLandscapeRight";
				INFOPLIST_KEY_UISupportedInterfaceOrientations_iPhone = "UIInterfaceOrientationPortrait UIInterfaceOrientationLandscapeLeft UIInterfaceOrientationLandscapeRight";
				LD_RUNPATH_SEARCH_PATHS = (
					"$(inherited)",
					"@executable_path/Frameworks",
				);
				MARKETING_VERSION = 1.0;
				PRODUCT_BUNDLE_IDENTIFIER = com.asleepace.AdvancedWebView;
				PRODUCT_NAME = "$(TARGET_NAME)";
				SWIFT_EMIT_LOC_STRINGS = YES;
				TARGETED_DEVICE_FAMILY = "1,2";
			};
			name = Release;
		};
/* End XCBuildConfiguration section */

/* Begin XCConfigurationList section */
		2624B6D12BF5861300AD08AD /* Build configuration list for PBXProject "AdvancedWebView" */ = {
			isa = XCConfigurationList;
			buildConfigurations = (
				2624B6F02BF5861400AD08AD /* Debug */,
				2624B6F12BF5861400AD08AD /* Release */,
			);
			defaultConfigurationIsVisible = 0;
			defaultConfigurationName = Release;
		};
		2624B6F22BF5861400AD08AD /* Build configuration list for PBXNativeTarget "AdvancedWebView" */ = {
			isa = XCConfigurationList;
			buildConfigurations = (
				2624B6F32BF5861400AD08AD /* Debug */,
				2624B6F42BF5861400AD08AD /* Release */,
			);
			defaultConfigurationIsVisible = 0;
			defaultConfigurationName = Release;
		};
/* End XCConfigurationList section */

/* Begin XCVersionGroup section */
		2624B6E52BF5861300AD08AD /* AdvancedWebView.xcdatamodeld */ = {
			isa = XCVersionGroup;
			children = (
				2624B6E62BF5861300AD08AD /* AdvancedWebView.xcdatamodel */,
			);
			currentVersion = 2624B6E62BF5861300AD08AD /* AdvancedWebView.xcdatamodel */;
			path = AdvancedWebView.xcdatamodeld;
			sourceTree = "<group>";
			versionGroupType = wrapper.xcdatamodel;
		};
/* End XCVersionGroup section */
	};
	rootObject = 2624B6CE2BF5861300AD08AD /* Project object */;
}
